{
  "name": "5.3",
  "lockfileVersion": 3,
  "requires": true,
  "packages": {
    "": {
      "dependencies": {
        "types-registry": "^0.1.682"
      },
      "devDependencies": {
        "@types/body-parser": "^1.19.5",
        "@types/connect": "^3.4.38",
        "@types/cookiejar": "^2.1.5",
        "@types/debug": "^4.1.12",
        "@types/formidable": "^3.4.5",
        "@types/methods": "^1.1.4",
        "@types/mime": "^3.0.4",
        "@types/node-fetch": "^2.6.9",
        "@types/qs": "^6.9.11",
        "@types/serve-static": "^1.15.5",
        "@types/superagent": "^8.1.3",
        "@types/weak": "^1.0.2"
      }
    },
    "node_modules/@types/body-parser": {
      "version": "1.19.5",
      "resolved": "https://registry.npmjs.org/@types/body-parser/-/body-parser-1.19.5.tgz",
      "integrity": "sha512-fB3Zu92ucau0iQ0JMCFQE7b/dv8Ot07NI3KaZIkIUNXq82k4eBAqUaneXfleGY9JWskeS9y+u0nXMyspcuQrCg==",
      "dev": true,
      "dependencies": {
        "@types/connect": "*",
        "@types/node": "*"
      }
    },
    "node_modules/@types/connect": {
      "version": "3.4.38",
      "resolved": "https://registry.npmjs.org/@types/connect/-/connect-3.4.38.tgz",
      "integrity": "sha512-K6uROf1LD88uDQqJCktA4yzL1YYAK6NgfsI0v/mTgyPKWsX1CnJ0XPSDhViejru1GcRkLWb8RlzFYJRqGUbaug==",
      "dev": true,
      "dependencies": {
        "@types/node": "*"
      }
    },
    "node_modules/@types/cookiejar": {
      "version": "2.1.5",
      "resolved": "https://registry.npmjs.org/@types/cookiejar/-/cookiejar-2.1.5.tgz",
      "integrity": "sha512-he+DHOWReW0nghN24E1WUqM0efK4kI9oTqDm6XmK8ZPe2djZ90BSNdGnIyCLzCPw7/pogPlGbzI2wHGGmi4O/Q==",
      "dev": true
    },
    "node_modules/@types/debug": {
      "version": "4.1.12",
      "resolved": "https://registry.npmjs.org/@types/debug/-/debug-4.1.12.tgz",
      "integrity": "sha512-vIChWdVG3LG1SMxEvI/AK+FWJthlrqlTu7fbrlywTkkaONwk/UAGaULXRlf8vkzFBLVm0zkMdCquhL5aOjhXPQ==",
      "dev": true,
      "dependencies": {
        "@types/ms": "*"
      }
    },
    "node_modules/@types/formidable": {
      "version": "3.4.5",
      "resolved": "https://registry.npmjs.org/@types/formidable/-/formidable-3.4.5.tgz",
      "integrity": "sha512-s7YPsNVfnsng5L8sKnG/Gbb2tiwwJTY1conOkJzTMRvJAlLFW1nEua+ADsJQu8N1c0oTHx9+d5nqg10WuT9gHQ==",
      "dev": true,
      "dependencies": {
        "@types/node": "*"
      }
    },
    "node_modules/@types/http-errors": {
      "version": "2.0.4",
      "resolved": "https://registry.npmjs.org/@types/http-errors/-/http-errors-2.0.4.tgz",
      "integrity": "sha512-D0CFMMtydbJAegzOyHjtiKPLlvnm3iTZyZRSZoLq2mRhDdmLfIWOCYPfQJ4cu2erKghU++QvjcUjp/5h7hESpA==",
      "dev": true
    },
    "node_modules/@types/methods": {
      "version": "1.1.4",
      "resolved": "https://registry.npmjs.org/@types/methods/-/methods-1.1.4.tgz",
      "integrity": "sha512-ymXWVrDiCxTBE3+RIrrP533E70eA+9qu7zdWoHuOmGujkYtzf4HQF96b8nwHLqhuf4ykX61IGRIB38CC6/sImQ==",
      "dev": true
    },
    "node_modules/@types/mime": {
      "version": "3.0.4",
      "resolved": "https://registry.npmjs.org/@types/mime/-/mime-3.0.4.tgz",
      "integrity": "sha512-iJt33IQnVRkqeqC7PzBHPTC6fDlRNRW8vjrgqtScAhrmMwe8c4Eo7+fUGTa+XdWrpEgpyKWMYmi2dIwMAYRzPw==",
      "dev": true
    },
    "node_modules/@types/ms": {
      "version": "0.7.34",
      "resolved": "https://registry.npmjs.org/@types/ms/-/ms-0.7.34.tgz",
      "integrity": "sha512-nG96G3Wp6acyAgJqGasjODb+acrI7KltPiRxzHPXnP3NgI28bpQDRv53olbqGXbfcgF5aiiHmO3xpwEpS5Ld9g==",
      "dev": true
    },
    "node_modules/@types/node": {
      "version": "20.10.4",
      "resolved": "https://registry.npmjs.org/@types/node/-/node-20.10.4.tgz",
      "integrity": "sha512-D08YG6rr8X90YB56tSIuBaddy/UXAA9RKJoFvrsnogAum/0pmjkgi4+2nx96A330FmioegBWmEYQ+syqCFaveg==",
      "dev": true,
      "dependencies": {
        "undici-types": "~5.26.4"
      }
    },
    "node_modules/@types/node-fetch": {
      "version": "2.6.9",
      "resolved": "https://registry.npmjs.org/@types/node-fetch/-/node-fetch-2.6.9.tgz",
      "integrity": "sha512-bQVlnMLFJ2d35DkPNjEPmd9ueO/rh5EiaZt2bhqiSarPjZIuIV6bPQVqcrEyvNo+AfTrRGVazle1tl597w3gfA==",
      "dev": true,
      "dependencies": {
        "@types/node": "*",
        "form-data": "^4.0.0"
      }
    },
    "node_modules/@types/qs": {
      "version": "6.9.11",
      "resolved": "https://registry.npmjs.org/@types/qs/-/qs-6.9.11.tgz",
      "integrity": "sha512-oGk0gmhnEJK4Yyk+oI7EfXsLayXatCWPHary1MtcmbAifkobT9cM9yutG/hZKIseOU0MqbIwQ/u2nn/Gb+ltuQ==",
      "dev": true
    },
    "node_modules/@types/serve-static": {
      "version": "1.15.5",
      "resolved": "https://registry.npmjs.org/@types/serve-static/-/serve-static-1.15.5.tgz",
      "integrity": "sha512-PDRk21MnK70hja/YF8AHfC7yIsiQHn1rcXx7ijCFBX/k+XQJhQT/gw3xekXKJvx+5SXaMMS8oqQy09Mzvz2TuQ==",
      "dev": true,
      "dependencies": {
        "@types/http-errors": "*",
        "@types/mime": "*",
        "@types/node": "*"
      }
    },
    "node_modules/@types/superagent": {
      "version": "8.1.3",
      "resolved": "https://registry.npmjs.org/@types/superagent/-/superagent-8.1.3.tgz",
      "integrity": "sha512-R/CfN6w2XsixLb1Ii8INfn+BT9sGPvw74OavfkW4SwY+jeUcAwLZv2+bXLJkndnimxjEBm0RPHgcjW9pLCa8cw==",
      "dev": true,
      "dependencies": {
        "@types/cookiejar": "^2.1.5",
        "@types/methods": "^1.1.4",
        "@types/node": "*"
      }
    },
    "node_modules/@types/weak": {
      "version": "1.0.2",
      "resolved": "https://registry.npmjs.org/@types/weak/-/weak-1.0.2.tgz",
      "integrity": "sha512-HBNBwb/evQGwSs58dl9qJMgiyxqprWLuKfTEeprTZ3wlR0WQPXk+CQkC9uVE+lOWnXx4ugn4tcY31DoLIK3C0g==",
      "dev": true,
      "dependencies": {
        "@types/node": "*"
      }
    },
    "node_modules/asynckit": {
      "version": "0.4.0",
      "resolved": "https://registry.npmjs.org/asynckit/-/asynckit-0.4.0.tgz",
      "integrity": "sha512-Oei9OH4tRh0YqU3GxhX79dM/mwVgvbZJaSNaRk+bshkj0S5cfHcgYakreBjrHwatXKbz+IoIdYLxrKim2MjW0Q==",
      "dev": true
    },
    "node_modules/combined-stream": {
      "version": "1.0.8",
      "resolved": "https://registry.npmjs.org/combined-stream/-/combined-stream-1.0.8.tgz",
      "integrity": "sha512-FQN4MRfuJeHf7cBbBMJFXhKSDq+2kAArBlmRBvcvFE5BB1HZKXtSFASDhdlz9zOYwxh8lDdnvmMOe/+5cdoEdg==",
      "dev": true,
      "dependencies": {
        "delayed-stream": "~1.0.0"
      },
      "engines": {
        "node": ">= 0.8"
      }
    },
    "node_modules/delayed-stream": {
      "version": "1.0.0",
      "resolved": "https://registry.npmjs.org/delayed-stream/-/delayed-stream-1.0.0.tgz",
      "integrity": "sha512-ZySD7Nf91aLB0RxL4KGrKHBXl7Eds1DAmEdcoVawXnLD7SDhpNgtuII2aAkg7a7QS41jxPSZ17p4VdGnMHk3MQ==",
      "dev": true,
      "engines": {
        "node": ">=0.4.0"
      }
    },
    "node_modules/form-data": {
      "version": "4.0.0",
      "resolved": "https://registry.npmjs.org/form-data/-/form-data-4.0.0.tgz",
      "integrity": "sha512-ETEklSGi5t0QMZuiXoA/Q6vcnxcLQP5vdugSpuAyi6SVGi2clPPp+xgEhuMaHC+zGgn31Kd235W35f7Hykkaww==",
      "dev": true,
      "dependencies": {
        "asynckit": "^0.4.0",
        "combined-stream": "^1.0.8",
        "mime-types": "^2.1.12"
      },
      "engines": {
        "node": ">= 6"
      }
    },
    "node_modules/mime-db": {
      "version": "1.52.0",
      "resolved": "https://registry.npmjs.org/mime-db/-/mime-db-1.52.0.tgz",
      "integrity": "sha512-sPU4uV7dYlvtWJxwwxHD0PuihVNiE7TyAbQ5SWxDCB9mUYvOgroQOwYQQOKPJ8CIbE+1ETVlOoK1UC2nU3gYvg==",
      "dev": true,
      "engines": {
        "node": ">= 0.6"
      }
    },
    "node_modules/mime-types": {
      "version": "2.1.35",
      "resolved": "https://registry.npmjs.org/mime-types/-/mime-types-2.1.35.tgz",
      "integrity": "sha512-ZDY+bPm5zTTF+YpCrAU9nK0UgICYPT0QtT1NZWFv4s++TNkcgVaT0g6+4R2uI4MjQjzysHB1zxuWL50hzaeXiw==",
      "dev": true,
      "dependencies": {
        "mime-db": "1.52.0"
      },
      "engines": {
        "node": ">= 0.6"
      }
    },
    "node_modules/types-registry": {
      "version": "0.1.682",
      "resolved": "https://registry.npmjs.org/types-registry/-/types-registry-0.1.682.tgz",
      "integrity": "sha512-D01VRFJ0OZzCa55z+FLFgdLYPVvPOpIBlm9v3uST942q0AdQn24eWLlV/mm2AL4YUwiA0VwyMJvZfrpPrRH7iw=="
    },
    "node_modules/undici-types": {
      "version": "5.26.5",
      "resolved": "https://registry.npmjs.org/undici-types/-/undici-types-5.26.5.tgz",
      "integrity": "sha512-JlCMO+ehdEIKqlFxk6IfVoAUVmgz7cU7zD/h9XZ0qzeosSHmUJVOzSQvvYSYWXkFXC+IfLKSIffhv0sVZup6pA==",
      "dev": true
    }
  }
}
